
Microsoft Visual Studio Solution File, Format Version 12.00
# Visual Studio Version 16
VisualStudioVersion = 16.0.30204.135
MinimumVisualStudioVersion = 10.0.40219.1
Project("{FAE04EC0-301F-11D3-BF4B-00C04F79EFBC}") = "ElectricShimmer", "ElectricShimmer.csproj", "{C0DB6531-C5CC-4D69-B99C-59775D9D2928}"
EndProject
Global
	GlobalSection(SolutionConfigurationPlatforms) = preSolution
		Debug|Any CPU = Debug|Any CPU
		Release|Any CPU = Release|Any CPU
	EndGlobalSection
	GlobalSection(ProjectConfigurationPlatforms) = postSolution
		{C0DB6531-C5CC-4D69-B99C-59775D9D2928}.Debug|Any CPU.ActiveCfg = Debug|Any CPU
		{C0DB6531-C5CC-4D69-B99C-59775D9D2928}.Debug|Any CPU.Build.0 = Debug|Any CPU
		{C0DB6531-C5CC-4D69-B99C-59775D9D2928}.Release|Any CPU.ActiveCfg = Release|Any CPU
		{C0DB6531-C5CC-4D69-B99C-59775D9D2928}.Release|Any CPU.Build.0 = Release|Any CPU
	EndGlobalSection
	GlobalSection(SolutionProperties) = preSolution
		HideSolutionNode = FALSE
	EndGlobalSection
	GlobalSection(ExtensibilityGlobals) = postSolution
		SolutionGuid = {4C903D3E-FC21-4B1C-BCFA-B8259FDF9EF8}
	EndGlobalSection
EndGlobal
